
Microsoft Visual Studio Solution File, Format Version 12.00
# Visual Studio 2017
Project("{FAE04EC0-301F-11D3-BF4B-00C04F79EFBC}") = "ModularCardGame.Plugins", "ModularCardGame.Plugins.csproj", "{424362AA-886E-3531-C97B-FF2986E456F8}"
EndProject
Project("{FAE04EC0-301F-11D3-BF4B-00C04F79EFBC}") = "ModularCardGame", "ModularCardGame.csproj", "{62FA9CE5-A43F-8DC1-0208-44872F36CDD9}"
EndProject
Global
	GlobalSection(SolutionConfigurationPlatforms) = preSolution
		Debug|Any CPU = Debug|Any CPU
		Release|Any CPU = Release|Any CPU
	EndGlobalSection
	GlobalSection(ProjectConfigurationPlatforms) = postSolution
		{424362AA-886E-3531-C97B-FF2986E456F8}.Debug|Any CPU.ActiveCfg = Debug|Any CPU
		{424362AA-886E-3531-C97B-FF2986E456F8}.Debug|Any CPU.Build.0 = Debug|Any CPU
		{424362AA-886E-3531-C97B-FF2986E456F8}.Release|Any CPU.ActiveCfg = Release|Any CPU
		{424362AA-886E-3531-C97B-FF2986E456F8}.Release|Any CPU.Build.0 = Release|Any CPU
		{62FA9CE5-A43F-8DC1-0208-44872F36CDD9}.Debug|Any CPU.ActiveCfg = Debug|Any CPU
		{62FA9CE5-A43F-8DC1-0208-44872F36CDD9}.Debug|Any CPU.Build.0 = Debug|Any CPU
		{62FA9CE5-A43F-8DC1-0208-44872F36CDD9}.Release|Any CPU.ActiveCfg = Release|Any CPU
		{62FA9CE5-A43F-8DC1-0208-44872F36CDD9}.Release|Any CPU.Build.0 = Release|Any CPU
	EndGlobalSection
	GlobalSection(SolutionProperties) = preSolution
		HideSolutionNode = FALSE
	EndGlobalSection
EndGlobal
