
Microsoft Visual Studio Solution File, Format Version 12.00
# Visual Studio 15
Project("{FAE04EC0-301F-11D3-BF4B-00C04F79EFBC}") = "ModularCardGame", "Assembly-CSharp.csproj", "{5F67711B-19A4-117D-EC31-E32E3922FB4B}"
EndProject
Project("{FAE04EC0-301F-11D3-BF4B-00C04F79EFBC}") = "ModularCardGame", "Assembly-CSharp-Editor.csproj", "{D655B515-33DE-01A2-5B2B-6F406C4FE10E}"
EndProject
Global
	GlobalSection(SolutionConfigurationPlatforms) = preSolution
		Debug|Any CPU = Debug|Any CPU
		Release|Any CPU = Release|Any CPU
	EndGlobalSection
	GlobalSection(ProjectConfigurationPlatforms) = postSolution
		{5F67711B-19A4-117D-EC31-E32E3922FB4B}.Debug|Any CPU.ActiveCfg = Debug|Any CPU
		{5F67711B-19A4-117D-EC31-E32E3922FB4B}.Debug|Any CPU.Build.0 = Debug|Any CPU
		{5F67711B-19A4-117D-EC31-E32E3922FB4B}.Release|Any CPU.ActiveCfg = Release|Any CPU
		{5F67711B-19A4-117D-EC31-E32E3922FB4B}.Release|Any CPU.Build.0 = Release|Any CPU
		{D655B515-33DE-01A2-5B2B-6F406C4FE10E}.Debug|Any CPU.ActiveCfg = Debug|Any CPU
		{D655B515-33DE-01A2-5B2B-6F406C4FE10E}.Debug|Any CPU.Build.0 = Debug|Any CPU
		{D655B515-33DE-01A2-5B2B-6F406C4FE10E}.Release|Any CPU.ActiveCfg = Release|Any CPU
		{D655B515-33DE-01A2-5B2B-6F406C4FE10E}.Release|Any CPU.Build.0 = Release|Any CPU
	EndGlobalSection
	GlobalSection(SolutionProperties) = preSolution
		HideSolutionNode = FALSE
	EndGlobalSection
EndGlobal
